// !$*UTF8*$!
{
	archiveVersion = 1;
	classes = {
	};
	objectVersion = 46;
	objects = {

/* Begin PBXBuildFile section */
		3022E36B1BBE18E000751AA2 /* main.c in Sources */ = {isa = PBXBuildFile; fileRef = 3022E36A1BBE18E000751AA2 /* main.c */; };
		3022E3831BBE239700751AA2 /* client-tcp.c in Sources */ = {isa = PBXBuildFile; fileRef = 3022E37E1BBE239700751AA2 /* client-tcp.c */; };
		3022E3841BBE239700751AA2 /* client-udp.c in Sources */ = {isa = PBXBuildFile; fileRef = 3022E37F1BBE239700751AA2 /* client-udp.c */; };
		3022E3851BBE239700751AA2 /* server-tcp.c in Sources */ = {isa = PBXBuildFile; fileRef = 3022E3801BBE239700751AA2 /* server-tcp.c */; };
		3022E3861BBE239700751AA2 /* server-udp.c in Sources */ = {isa = PBXBuildFile; fileRef = 3022E3811BBE239700751AA2 /* server-udp.c */; };
		3069C66B1BC060F20028DBFC /* FileIO.c in Sources */ = {isa = PBXBuildFile; fileRef = 3069C6691BC060F20028DBFC /* FileIO.c */; };
/* End PBXBuildFile section */

/* Begin PBXCopyFilesBuildPhase section */
		3022E3651BBE18E000751AA2 /* CopyFiles */ = {
			isa = PBXCopyFilesBuildPhase;
			buildActionMask = 2147483647;
			dstPath = /usr/share/man/man1/;
			dstSubfolderSpec = 0;
			files = (
			);
			runOnlyForDeploymentPostprocessing = 1;
		};
/* End PBXCopyFilesBuildPhase section */

/* Begin PBXFileReference section */
		3022E3671BBE18E000751AA2 /* Programacao-socket-e-roteamento */ = {isa = PBXFileReference; explicitFileType = "compiled.mach-o.executable"; includeInIndex = 0; path = "Programacao-socket-e-roteamento"; sourceTree = BUILT_PRODUCTS_DIR; };
		3022E36A1BBE18E000751AA2 /* main.c */ = {isa = PBXFileReference; lastKnownFileType = sourcecode.c.c; path = main.c; sourceTree = "<group>"; };
		3022E3711BBE1A6000751AA2 /* Defaults.h */ = {isa = PBXFileReference; lastKnownFileType = sourcecode.c.h; path = Defaults.h; sourceTree = "<group>"; };
		3022E37E1BBE239700751AA2 /* client-tcp.c */ = {isa = PBXFileReference; fileEncoding = 4; lastKnownFileType = sourcecode.c.c; path = "client-tcp.c"; sourceTree = "<group>"; };
		3022E37F1BBE239700751AA2 /* client-udp.c */ = {isa = PBXFileReference; fileEncoding = 4; lastKnownFileType = sourcecode.c.c; path = "client-udp.c"; sourceTree = "<group>"; };
		3022E3801BBE239700751AA2 /* server-tcp.c */ = {isa = PBXFileReference; fileEncoding = 4; lastKnownFileType = sourcecode.c.c; path = "server-tcp.c"; sourceTree = "<group>"; };
		3022E3811BBE239700751AA2 /* server-udp.c */ = {isa = PBXFileReference; fileEncoding = 4; lastKnownFileType = sourcecode.c.c; path = "server-udp.c"; sourceTree = "<group>"; };
		3069C6691BC060F20028DBFC /* FileIO.c */ = {isa = PBXFileReference; fileEncoding = 4; lastKnownFileType = sourcecode.c.c; path = FileIO.c; sourceTree = "<group>"; };
		3069C66A1BC060F20028DBFC /* FileIO.h */ = {isa = PBXFileReference; fileEncoding = 4; lastKnownFileType = sourcecode.c.h; path = FileIO.h; sourceTree = "<group>"; };
/* End PBXFileReference section */

/* Begin PBXFrameworksBuildPhase section */
		3022E3641BBE18E000751AA2 /* Frameworks */ = {
			isa = PBXFrameworksBuildPhase;
			buildActionMask = 2147483647;
			files = (
			);
			runOnlyForDeploymentPostprocessing = 0;
		};
/* End PBXFrameworksBuildPhase section */

/* Begin PBXGroup section */
		3022E35E1BBE18E000751AA2 = {
			isa = PBXGroup;
			children = (
				3022E3691BBE18E000751AA2 /* Programacao-socket-e-roteamento */,
				3022E3681BBE18E000751AA2 /* Products */,
			);
			sourceTree = "<group>";
		};
		3022E3681BBE18E000751AA2 /* Products */ = {
			isa = PBXGroup;
			children = (
				3022E3671BBE18E000751AA2 /* Programacao-socket-e-roteamento */,
			);
			name = Products;
			sourceTree = "<group>";
		};
		3022E3691BBE18E000751AA2 /* Programacao-socket-e-roteamento */ = {
			isa = PBXGroup;
			children = (
				3022E36A1BBE18E000751AA2 /* main.c */,
				3069C6691BC060F20028DBFC /* FileIO.c */,
				3069C66A1BC060F20028DBFC /* FileIO.h */,
				3022E3711BBE1A6000751AA2 /* Defaults.h */,
				3022E37E1BBE239700751AA2 /* client-tcp.c */,
				3022E37F1BBE239700751AA2 /* client-udp.c */,
				3022E3801BBE239700751AA2 /* server-tcp.c */,
				3022E3811BBE239700751AA2 /* server-udp.c */,
			);
			path = "Programacao-socket-e-roteamento";
			sourceTree = "<group>";
		};
/* End PBXGroup section */

/* Begin PBXNativeTarget section */
		3022E3661BBE18E000751AA2 /* Programacao-socket-e-roteamento */ = {
			isa = PBXNativeTarget;
			buildConfigurationList = 3022E36E1BBE18E000751AA2 /* Build configuration list for PBXNativeTarget "Programacao-socket-e-roteamento" */;
			buildPhases = (
				3022E3631BBE18E000751AA2 /* Sources */,
				3022E3641BBE18E000751AA2 /* Frameworks */,
				3022E3651BBE18E000751AA2 /* CopyFiles */,
			);
			buildRules = (
			);
			dependencies = (
			);
			name = "Programacao-socket-e-roteamento";
			productName = "Programacao-socket-e-roteamento";
			productReference = 3022E3671BBE18E000751AA2 /* Programacao-socket-e-roteamento */;
			productType = "com.apple.product-type.tool";
		};
/* End PBXNativeTarget section */

/* Begin PBXProject section */
		3022E35F1BBE18E000751AA2 /* Project object */ = {
			isa = PBXProject;
			attributes = {
				LastUpgradeCheck = 0630;
				ORGANIZATIONNAME = mourodrigo;
				TargetAttributes = {
					3022E3661BBE18E000751AA2 = {
						CreatedOnToolsVersion = 6.3;
					};
				};
			};
			buildConfigurationList = 3022E3621BBE18E000751AA2 /* Build configuration list for PBXProject "Programacao-socket-e-roteamento" */;
			compatibilityVersion = "Xcode 3.2";
			developmentRegion = English;
			hasScannedForEncodings = 0;
			knownRegions = (
				en,
			);
			mainGroup = 3022E35E1BBE18E000751AA2;
			productRefGroup = 3022E3681BBE18E000751AA2 /* Products */;
			projectDirPath = "";
			projectRoot = "";
			targets = (
				3022E3661BBE18E000751AA2 /* Programacao-socket-e-roteamento */,
			);
		};
/* End PBXProject section */

/* Begin PBXSourcesBuildPhase section */
		3022E3631BBE18E000751AA2 /* Sources */ = {
			isa = PBXSourcesBuildPhase;
			buildActionMask = 2147483647;
			files = (
				3022E3861BBE239700751AA2 /* server-udp.c in Sources */,
				3022E3851BBE239700751AA2 /* server-tcp.c in Sources */,
				3069C66B1BC060F20028DBFC /* FileIO.c in Sources */,
				3022E3831BBE239700751AA2 /* client-tcp.c in Sources */,
				3022E3841BBE239700751AA2 /* client-udp.c in Sources */,
				3022E36B1BBE18E000751AA2 /* main.c in Sources */,
			);
			runOnlyForDeploymentPostprocessing = 0;
		};
/* End PBXSourcesBuildPhase section */

/* Begin XCBuildConfiguration section */
		3022E36C1BBE18E000751AA2 /* Debug */ = {
			isa = XCBuildConfiguration;
			buildSettings = {
				ALWAYS_SEARCH_USER_PATHS = NO;
				CLANG_CXX_LANGUAGE_STANDARD = "gnu++0x";
				CLANG_CXX_LIBRARY = "libc++";
				CLANG_ENABLE_MODULES = YES;
				CLANG_ENABLE_OBJC_ARC = YES;
				CLANG_WARN_BOOL_CONVERSION = YES;
				CLANG_WARN_CONSTANT_CONVERSION = YES;
				CLANG_WARN_DIRECT_OBJC_ISA_USAGE = YES_ERROR;
				CLANG_WARN_EMPTY_BODY = YES;
				CLANG_WARN_ENUM_CONVERSION = YES;
				CLANG_WARN_INT_CONVERSION = YES;
				CLANG_WARN_OBJC_ROOT_CLASS = YES_ERROR;
				CLANG_WARN_UNREACHABLE_CODE = YES;
				CLANG_WARN__DUPLICATE_METHOD_MATCH = YES;
				COPY_PHASE_STRIP = NO;
				DEBUG_INFORMATION_FORMAT = dwarf;
				ENABLE_STRICT_OBJC_MSGSEND = YES;
				GCC_C_LANGUAGE_STANDARD = gnu99;
				GCC_DYNAMIC_NO_PIC = NO;
				GCC_NO_COMMON_BLOCKS = YES;
				GCC_OPTIMIZATION_LEVEL = 0;
				GCC_PREPROCESSOR_DEFINITIONS = (
					"DEBUG=1",
					"$(inherited)",
				);
				GCC_SYMBOLS_PRIVATE_EXTERN = NO;
				GCC_WARN_64_TO_32_BIT_CONVERSION = YES;
				GCC_WARN_ABOUT_RETURN_TYPE = YES_ERROR;
				GCC_WARN_UNDECLARED_SELECTOR = YES;
				GCC_WARN_UNINITIALIZED_AUTOS = YES_AGGRESSIVE;
				GCC_WARN_UNUSED_FUNCTION = YES;
				GCC_WARN_UNUSED_VARIABLE = YES;
				MACOSX_DEPLOYMENT_TARGET = 10.11;
				MTL_ENABLE_DEBUG_INFO = YES;
				ONLY_ACTIVE_ARCH = YES;
				SDKROOT = macosx;
			};
			name = Debug;
		};
		3022E36D1BBE18E000751AA2 /* Release */ = {
			isa = XCBuildConfiguration;
			buildSettings = {
				ALWAYS_SEARCH_USER_PATHS = NO;
				CLANG_CXX_LANGUAGE_STANDARD = "gnu++0x";
				CLANG_CXX_LIBRARY = "libc++";
				CLANG_ENABLE_MODULES = YES;
				CLANG_ENABLE_OBJC_ARC = YES;
				CLANG_WARN_BOOL_CONVERSION = YES;
				CLANG_WARN_CONSTANT_CONVERSION = YES;
				CLANG_WARN_DIRECT_OBJC_ISA_USAGE = YES_ERROR;
				CLANG_WARN_EMPTY_BODY = YES;
				CLANG_WARN_ENUM_CONVERSION = YES;
				CLANG_WARN_INT_CONVERSION = YES;
				CLANG_WARN_OBJC_ROOT_CLASS = YES_ERROR;
				CLANG_WARN_UNREACHABLE_CODE = YES;
				CLANG_WARN__DUPLICATE_METHOD_MATCH = YES;
				COPY_PHASE_STRIP = NO;
				DEBUG_INFORMATION_FORMAT = "dwarf-with-dsym";
				ENABLE_NS_ASSERTIONS = NO;
				ENABLE_STRICT_OBJC_MSGSEND = YES;
				GCC_C_LANGUAGE_STANDARD = gnu99;
				GCC_NO_COMMON_BLOCKS = YES;
				GCC_WARN_64_TO_32_BIT_CONVERSION = YES;
				GCC_WARN_ABOUT_RETURN_TYPE = YES_ERROR;
				GCC_WARN_UNDECLARED_SELECTOR = YES;
				GCC_WARN_UNINITIALIZED_AUTOS = YES_AGGRESSIVE;
				GCC_WARN_UNUSED_FUNCTION = YES;
				GCC_WARN_UNUSED_VARIABLE = YES;
				MACOSX_DEPLOYMENT_TARGET = 10.11;
				MTL_ENABLE_DEBUG_INFO = NO;
				SDKROOT = macosx;
			};
			name = Release;
		};
		3022E36F1BBE18E000751AA2 /* Debug */ = {
			isa = XCBuildConfiguration;
			buildSettings = {
				MACOSX_DEPLOYMENT_TARGET = "";
				PRODUCT_NAME = "$(TARGET_NAME)";
			};
			name = Debug;
		};
		3022E3701BBE18E000751AA2 /* Release */ = {
			isa = XCBuildConfiguration;
			buildSettings = {
				MACOSX_DEPLOYMENT_TARGET = "";
				PRODUCT_NAME = "$(TARGET_NAME)";
			};
			name = Release;
		};
/* End XCBuildConfiguration section */

/* Begin XCConfigurationList section */
		3022E3621BBE18E000751AA2 /* Build configuration list for PBXProject "Programacao-socket-e-roteamento" */ = {
			isa = XCConfigurationList;
			buildConfigurations = (
				3022E36C1BBE18E000751AA2 /* Debug */,
				3022E36D1BBE18E000751AA2 /* Release */,
			);
			defaultConfigurationIsVisible = 0;
			defaultConfigurationName = Release;
		};
		3022E36E1BBE18E000751AA2 /* Build configuration list for PBXNativeTarget "Programacao-socket-e-roteamento" */ = {
			isa = XCConfigurationList;
			buildConfigurations = (
				3022E36F1BBE18E000751AA2 /* Debug */,
				3022E3701BBE18E000751AA2 /* Release */,
			);
			defaultConfigurationIsVisible = 0;
			defaultConfigurationName = Release;
		};
/* End XCConfigurationList section */
	};
	rootObject = 3022E35F1BBE18E000751AA2 /* Project object */;
}
